
Microsoft Visual Studio Solution File, Format Version 12.00
# Visual Studio Version 16
VisualStudioVersion = 16.0.31729.503
MinimumVisualStudioVersion = 10.0.40219.1
Project("{FAE04EC0-301F-11D3-BF4B-00C04F79EFBC}") = "Progetto APL", "Progetto APL\Progetto APL.csproj", "{59A6736F-AE15-41F6-9F36-16CCE12213A8}"
EndProject
Global
	GlobalSection(SolutionConfigurationPlatforms) = preSolution
		Debug|Any CPU = Debug|Any CPU
		Release|Any CPU = Release|Any CPU
	EndGlobalSection
	GlobalSection(ProjectConfigurationPlatforms) = postSolution
		{59A6736F-AE15-41F6-9F36-16CCE12213A8}.Debug|Any CPU.ActiveCfg = Debug|Any CPU
		{59A6736F-AE15-41F6-9F36-16CCE12213A8}.Debug|Any CPU.Build.0 = Debug|Any CPU
		{59A6736F-AE15-41F6-9F36-16CCE12213A8}.Release|Any CPU.ActiveCfg = Release|Any CPU
		{59A6736F-AE15-41F6-9F36-16CCE12213A8}.Release|Any CPU.Build.0 = Release|Any CPU
	EndGlobalSection
	GlobalSection(SolutionProperties) = preSolution
		HideSolutionNode = FALSE
	EndGlobalSection
	GlobalSection(ExtensibilityGlobals) = postSolution
		SolutionGuid = {181C1ECA-E512-436F-82E2-48F8766330A8}
	EndGlobalSection
EndGlobal
